
Microsoft Visual Studio Solution File, Format Version 12.00
# Visual Studio 14
VisualStudioVersion = 14.0.24720.0
MinimumVisualStudioVersion = 10.0.40219.1
Project("{2150E333-8FDC-42A3-9474-1A3956D46DE8}") = "Core", "Core", "{E1C704E0-9EE1-4DD6-9966-275160CF9BEB}"
EndProject
Project("{FAE04EC0-301F-11D3-BF4B-00C04F79EFBC}") = "Ottomon.Core", "Core\Ottomon.Core\Ottomon.Core.csproj", "{D7C53018-239D-4A84-B19C-B4FE4A5BEED8}"
EndProject
Project("{FAE04EC0-301F-11D3-BF4B-00C04F79EFBC}") = "Ottoman.SimpleInjector", "Core\Ottoman.SimpleInjector\Ottoman.SimpleInjector.csproj", "{95D6C419-0DED-4326-98E6-CBEE8303F38E}"
EndProject
Project("{2150E333-8FDC-42A3-9474-1A3956D46DE8}") = "SolutionFiles", "SolutionFiles", "{8C04933E-FF10-482E-A72F-716B0C302EEF}"
	ProjectSection(SolutionItems) = preProject
		..\..\..\..\..\Projects\WeLink\WeLink-DEV\WeLink\Ottoman.licenseheader = ..\..\..\..\..\Projects\WeLink\WeLink-DEV\WeLink\Ottoman.licenseheader
	EndProjectSection
EndProject
Project("{2150E333-8FDC-42A3-9474-1A3956D46DE8}") = "Tests", "Tests", "{EA041AE4-4750-4817-945E-7B3F20BEDC4A}"
EndProject
Project("{2150E333-8FDC-42A3-9474-1A3956D46DE8}") = "Api", "Api", "{4E85166D-5CDB-42D8-ADD5-0733632A753D}"
EndProject
Project("{FAE04EC0-301F-11D3-BF4B-00C04F79EFBC}") = "Ottoman.WebApi", "Api\Ottoman.WebApi\Ottoman.WebApi.csproj", "{F6F7826C-3CF2-4B09-AE34-3B007CAB78D5}"
EndProject
Project("{2150E333-8FDC-42A3-9474-1A3956D46DE8}") = "UnitTests", "UnitTests", "{7F457ED0-DEA8-431F-B4FC-5E36F8F965BD}"
EndProject
Project("{FAE04EC0-301F-11D3-BF4B-00C04F79EFBC}") = "Ottoman.CoreTest", "Tests\UnitTests\Ottoman.CoreTest\Ottoman.CoreTest.csproj", "{6B516AB1-3DA9-46AE-A136-284EF3EBA142}"
EndProject
Global
	GlobalSection(SolutionConfigurationPlatforms) = preSolution
		Debug|Any CPU = Debug|Any CPU
		Release|Any CPU = Release|Any CPU
	EndGlobalSection
	GlobalSection(ProjectConfigurationPlatforms) = postSolution
		{D7C53018-239D-4A84-B19C-B4FE4A5BEED8}.Debug|Any CPU.ActiveCfg = Debug|Any CPU
		{D7C53018-239D-4A84-B19C-B4FE4A5BEED8}.Debug|Any CPU.Build.0 = Debug|Any CPU
		{D7C53018-239D-4A84-B19C-B4FE4A5BEED8}.Release|Any CPU.ActiveCfg = Release|Any CPU
		{D7C53018-239D-4A84-B19C-B4FE4A5BEED8}.Release|Any CPU.Build.0 = Release|Any CPU
		{95D6C419-0DED-4326-98E6-CBEE8303F38E}.Debug|Any CPU.ActiveCfg = Debug|Any CPU
		{95D6C419-0DED-4326-98E6-CBEE8303F38E}.Debug|Any CPU.Build.0 = Debug|Any CPU
		{95D6C419-0DED-4326-98E6-CBEE8303F38E}.Release|Any CPU.ActiveCfg = Release|Any CPU
		{95D6C419-0DED-4326-98E6-CBEE8303F38E}.Release|Any CPU.Build.0 = Release|Any CPU
		{F6F7826C-3CF2-4B09-AE34-3B007CAB78D5}.Debug|Any CPU.ActiveCfg = Debug|Any CPU
		{F6F7826C-3CF2-4B09-AE34-3B007CAB78D5}.Debug|Any CPU.Build.0 = Debug|Any CPU
		{F6F7826C-3CF2-4B09-AE34-3B007CAB78D5}.Release|Any CPU.ActiveCfg = Release|Any CPU
		{F6F7826C-3CF2-4B09-AE34-3B007CAB78D5}.Release|Any CPU.Build.0 = Release|Any CPU
		{6B516AB1-3DA9-46AE-A136-284EF3EBA142}.Debug|Any CPU.ActiveCfg = Debug|Any CPU
		{6B516AB1-3DA9-46AE-A136-284EF3EBA142}.Debug|Any CPU.Build.0 = Debug|Any CPU
		{6B516AB1-3DA9-46AE-A136-284EF3EBA142}.Release|Any CPU.ActiveCfg = Release|Any CPU
		{6B516AB1-3DA9-46AE-A136-284EF3EBA142}.Release|Any CPU.Build.0 = Release|Any CPU
	EndGlobalSection
	GlobalSection(SolutionProperties) = preSolution
		HideSolutionNode = FALSE
	EndGlobalSection
	GlobalSection(NestedProjects) = preSolution
		{D7C53018-239D-4A84-B19C-B4FE4A5BEED8} = {E1C704E0-9EE1-4DD6-9966-275160CF9BEB}
		{95D6C419-0DED-4326-98E6-CBEE8303F38E} = {E1C704E0-9EE1-4DD6-9966-275160CF9BEB}
		{F6F7826C-3CF2-4B09-AE34-3B007CAB78D5} = {4E85166D-5CDB-42D8-ADD5-0733632A753D}
		{7F457ED0-DEA8-431F-B4FC-5E36F8F965BD} = {EA041AE4-4750-4817-945E-7B3F20BEDC4A}
		{6B516AB1-3DA9-46AE-A136-284EF3EBA142} = {7F457ED0-DEA8-431F-B4FC-5E36F8F965BD}
	EndGlobalSection
EndGlobal
