
Microsoft Visual Studio Solution File, Format Version 12.00
# Visual Studio 14
VisualStudioVersion = 14.0.25123.0
MinimumVisualStudioVersion = 10.0.40219.1
Project("{2150E333-8FDC-42A3-9474-1A3956D46DE8}") = "Core", "Core", "{E1C704E0-9EE1-4DD6-9966-275160CF9BEB}"
EndProject
Project("{FAE04EC0-301F-11D3-BF4B-00C04F79EFBC}") = "Ottoman.Core", "Core\Ottoman.Core\Ottoman.Core.csproj", "{D7C53018-239D-4A84-B19C-B4FE4A5BEED8}"
EndProject
Project("{FAE04EC0-301F-11D3-BF4B-00C04F79EFBC}") = "Ottoman.Injector", "Core\Ottoman.SimpleInjector\Ottoman.Injector.csproj", "{95D6C419-0DED-4326-98E6-CBEE8303F38E}"
EndProject
Project("{2150E333-8FDC-42A3-9474-1A3956D46DE8}") = "SolutionFiles", "SolutionFiles", "{8C04933E-FF10-482E-A72F-716B0C302EEF}"
EndProject
Project("{2150E333-8FDC-42A3-9474-1A3956D46DE8}") = "Tests", "Tests", "{EA041AE4-4750-4817-945E-7B3F20BEDC4A}"
EndProject
Project("{2150E333-8FDC-42A3-9474-1A3956D46DE8}") = "Api", "Api", "{4E85166D-5CDB-42D8-ADD5-0733632A753D}"
EndProject
Project("{2150E333-8FDC-42A3-9474-1A3956D46DE8}") = "UnitTests", "UnitTests", "{7F457ED0-DEA8-431F-B4FC-5E36F8F965BD}"
EndProject
Project("{FAE04EC0-301F-11D3-BF4B-00C04F79EFBC}") = "Ottoman.CoreTest", "Tests\UnitTests\Ottoman.CoreTest\Ottoman.CoreTest.csproj", "{6B516AB1-3DA9-46AE-A136-284EF3EBA142}"
EndProject
Project("{FAE04EC0-301F-11D3-BF4B-00C04F79EFBC}") = "Repository.Pattern", "Core\Repository.Pattern\Repository.Pattern.csproj", "{6E682A14-C872-4813-B620-76E108DEA683}"
EndProject
Project("{FAE04EC0-301F-11D3-BF4B-00C04F79EFBC}") = "Repository.Pattern.Ef6", "Core\Repository.Pattern.Ef6\Repository.Pattern.Ef6.csproj", "{F68A1D19-93FB-47C1-A22B-42BEA3E4FD8C}"
EndProject
Project("{2150E333-8FDC-42A3-9474-1A3956D46DE8}") = "Data", "Data", "{96FC434A-2BD9-4B7F-9DC8-D257F9765C54}"
EndProject
Project("{2150E333-8FDC-42A3-9474-1A3956D46DE8}") = "URF", "URF", "{7ED5560B-9818-4B2A-B99D-AA1B2FD27498}"
EndProject
Project("{FAE04EC0-301F-11D3-BF4B-00C04F79EFBC}") = "Service.Pattern", "Core\Service.Pattern\Service.Pattern.csproj", "{773B60EE-8D35-4800-ACD5-2F673F94170C}"
EndProject
Project("{2150E333-8FDC-42A3-9474-1A3956D46DE8}") = "HelperTools", "HelperTools", "{419E0595-CE3C-4B97-A71C-4051E52A38E7}"
EndProject
Project("{FAE04EC0-301F-11D3-BF4B-00C04F79EFBC}") = "PocoGenarator", "SolutionFiles\HelperTools\PocoGenarator\PocoGenarator.csproj", "{19C31343-88FA-401C-BDCA-0654DDC306A9}"
EndProject
Project("{2150E333-8FDC-42A3-9474-1A3956D46DE8}") = "Template", "Template", "{20092B17-D666-4E09-A0A0-C2393BF99C60}"
EndProject
Project("{FAE04EC0-301F-11D3-BF4B-00C04F79EFBC}") = "Template.Entities", "Template\Data\Template.Entities\Template.Entities.csproj", "{DD175BB5-9684-49FF-BC84-DB259E8EA62B}"
EndProject
Project("{FAE04EC0-301F-11D3-BF4B-00C04F79EFBC}") = "Template.WebApi", "Template\Api\Template.WebApi\Template.WebApi.csproj", "{AB1E1C75-73DC-4900-8A26-27CA5BCDD400}"
EndProject
Project("{2150E333-8FDC-42A3-9474-1A3956D46DE8}") = "Business", "Business", "{A93A8396-837C-4ED5-B600-11CD651FDDF8}"
EndProject
Project("{FAE04EC0-301F-11D3-BF4B-00C04F79EFBC}") = "Template.Business", "Template\Business\Template.Business\Template.Business.csproj", "{967D0097-F098-47FA-A636-E9AB4D6FB969}"
EndProject
Project("{FAE04EC0-301F-11D3-BF4B-00C04F79EFBC}") = "Ottoman.Mapper", "Core\Ottoman.Mapper\Ottoman.Mapper.csproj", "{1EE39338-8E6C-4E93-8D73-E6C1F4D7A4DB}"
EndProject
Project("{2150E333-8FDC-42A3-9474-1A3956D46DE8}") = "CrossCutting", "CrossCutting", "{14AD9BE2-D44F-45B6-AF77-901A669F480B}"
EndProject
Project("{2150E333-8FDC-42A3-9474-1A3956D46DE8}") = "Cache", "Cache", "{C4341CBB-8826-4067-97AD-9BAFCFD17DC2}"
EndProject
Project("{FAE04EC0-301F-11D3-BF4B-00C04F79EFBC}") = "Ottoman.MemoryCache", "CrossCutting\Caching\Ottoman.MemoryCache\Ottoman.MemoryCache.csproj", "{14824693-4232-4CD9-80DE-D49C3C7E8165}"
EndProject
Project("{FAE04EC0-301F-11D3-BF4B-00C04F79EFBC}") = "Ottoman.CrossCuttingTest", "Tests\UnitTests\Ottoman.CrossCuttingTest\Ottoman.CrossCuttingTest.csproj", "{91113B48-7AEF-47E7-B806-3082BFDC35C8}"
EndProject
Project("{FAE04EC0-301F-11D3-BF4B-00C04F79EFBC}") = "Ottoman.Redis", "CrossCutting\Caching\Ottoman.Redis\Ottoman.Redis.csproj", "{913B918D-F7E6-4562-A2CA-6CB5259F405E}"
EndProject
Project("{FAE04EC0-301F-11D3-BF4B-00C04F79EFBC}") = "SolutionConfigurationLibrary", "SolutionFiles\SolutionConfigurationLibrary\SolutionConfigurationLibrary.csproj", "{044D23B9-925F-402A-8266-485C91B31AC6}"
EndProject
Global
	GlobalSection(SolutionConfigurationPlatforms) = preSolution
		Debug|Any CPU = Debug|Any CPU
		Debug|x86 = Debug|x86
		Release|Any CPU = Release|Any CPU
		Release|x86 = Release|x86
	EndGlobalSection
	GlobalSection(ProjectConfigurationPlatforms) = postSolution
		{D7C53018-239D-4A84-B19C-B4FE4A5BEED8}.Debug|Any CPU.ActiveCfg = Debug|Any CPU
		{D7C53018-239D-4A84-B19C-B4FE4A5BEED8}.Debug|Any CPU.Build.0 = Debug|Any CPU
		{D7C53018-239D-4A84-B19C-B4FE4A5BEED8}.Debug|x86.ActiveCfg = Debug|Any CPU
		{D7C53018-239D-4A84-B19C-B4FE4A5BEED8}.Debug|x86.Build.0 = Debug|Any CPU
		{D7C53018-239D-4A84-B19C-B4FE4A5BEED8}.Release|Any CPU.ActiveCfg = Release|Any CPU
		{D7C53018-239D-4A84-B19C-B4FE4A5BEED8}.Release|Any CPU.Build.0 = Release|Any CPU
		{D7C53018-239D-4A84-B19C-B4FE4A5BEED8}.Release|x86.ActiveCfg = Release|Any CPU
		{D7C53018-239D-4A84-B19C-B4FE4A5BEED8}.Release|x86.Build.0 = Release|Any CPU
		{95D6C419-0DED-4326-98E6-CBEE8303F38E}.Debug|Any CPU.ActiveCfg = Debug|Any CPU
		{95D6C419-0DED-4326-98E6-CBEE8303F38E}.Debug|Any CPU.Build.0 = Debug|Any CPU
		{95D6C419-0DED-4326-98E6-CBEE8303F38E}.Debug|x86.ActiveCfg = Debug|Any CPU
		{95D6C419-0DED-4326-98E6-CBEE8303F38E}.Debug|x86.Build.0 = Debug|Any CPU
		{95D6C419-0DED-4326-98E6-CBEE8303F38E}.Release|Any CPU.ActiveCfg = Release|Any CPU
		{95D6C419-0DED-4326-98E6-CBEE8303F38E}.Release|Any CPU.Build.0 = Release|Any CPU
		{95D6C419-0DED-4326-98E6-CBEE8303F38E}.Release|x86.ActiveCfg = Release|Any CPU
		{95D6C419-0DED-4326-98E6-CBEE8303F38E}.Release|x86.Build.0 = Release|Any CPU
		{6B516AB1-3DA9-46AE-A136-284EF3EBA142}.Debug|Any CPU.ActiveCfg = Debug|Any CPU
		{6B516AB1-3DA9-46AE-A136-284EF3EBA142}.Debug|Any CPU.Build.0 = Debug|Any CPU
		{6B516AB1-3DA9-46AE-A136-284EF3EBA142}.Debug|x86.ActiveCfg = Debug|Any CPU
		{6B516AB1-3DA9-46AE-A136-284EF3EBA142}.Debug|x86.Build.0 = Debug|Any CPU
		{6B516AB1-3DA9-46AE-A136-284EF3EBA142}.Release|Any CPU.ActiveCfg = Release|Any CPU
		{6B516AB1-3DA9-46AE-A136-284EF3EBA142}.Release|Any CPU.Build.0 = Release|Any CPU
		{6B516AB1-3DA9-46AE-A136-284EF3EBA142}.Release|x86.ActiveCfg = Release|Any CPU
		{6B516AB1-3DA9-46AE-A136-284EF3EBA142}.Release|x86.Build.0 = Release|Any CPU
		{6E682A14-C872-4813-B620-76E108DEA683}.Debug|Any CPU.ActiveCfg = Debug|Any CPU
		{6E682A14-C872-4813-B620-76E108DEA683}.Debug|Any CPU.Build.0 = Debug|Any CPU
		{6E682A14-C872-4813-B620-76E108DEA683}.Debug|x86.ActiveCfg = Debug|x86
		{6E682A14-C872-4813-B620-76E108DEA683}.Debug|x86.Build.0 = Debug|x86
		{6E682A14-C872-4813-B620-76E108DEA683}.Release|Any CPU.ActiveCfg = Release|Any CPU
		{6E682A14-C872-4813-B620-76E108DEA683}.Release|Any CPU.Build.0 = Release|Any CPU
		{6E682A14-C872-4813-B620-76E108DEA683}.Release|x86.ActiveCfg = Release|x86
		{6E682A14-C872-4813-B620-76E108DEA683}.Release|x86.Build.0 = Release|x86
		{F68A1D19-93FB-47C1-A22B-42BEA3E4FD8C}.Debug|Any CPU.ActiveCfg = Debug|Any CPU
		{F68A1D19-93FB-47C1-A22B-42BEA3E4FD8C}.Debug|Any CPU.Build.0 = Debug|Any CPU
		{F68A1D19-93FB-47C1-A22B-42BEA3E4FD8C}.Debug|x86.ActiveCfg = Debug|Any CPU
		{F68A1D19-93FB-47C1-A22B-42BEA3E4FD8C}.Debug|x86.Build.0 = Debug|Any CPU
		{F68A1D19-93FB-47C1-A22B-42BEA3E4FD8C}.Release|Any CPU.ActiveCfg = Release|Any CPU
		{F68A1D19-93FB-47C1-A22B-42BEA3E4FD8C}.Release|Any CPU.Build.0 = Release|Any CPU
		{F68A1D19-93FB-47C1-A22B-42BEA3E4FD8C}.Release|x86.ActiveCfg = Release|Any CPU
		{F68A1D19-93FB-47C1-A22B-42BEA3E4FD8C}.Release|x86.Build.0 = Release|Any CPU
		{773B60EE-8D35-4800-ACD5-2F673F94170C}.Debug|Any CPU.ActiveCfg = Debug|Any CPU
		{773B60EE-8D35-4800-ACD5-2F673F94170C}.Debug|Any CPU.Build.0 = Debug|Any CPU
		{773B60EE-8D35-4800-ACD5-2F673F94170C}.Debug|x86.ActiveCfg = Debug|Any CPU
		{773B60EE-8D35-4800-ACD5-2F673F94170C}.Debug|x86.Build.0 = Debug|Any CPU
		{773B60EE-8D35-4800-ACD5-2F673F94170C}.Release|Any CPU.ActiveCfg = Release|Any CPU
		{773B60EE-8D35-4800-ACD5-2F673F94170C}.Release|Any CPU.Build.0 = Release|Any CPU
		{773B60EE-8D35-4800-ACD5-2F673F94170C}.Release|x86.ActiveCfg = Release|Any CPU
		{773B60EE-8D35-4800-ACD5-2F673F94170C}.Release|x86.Build.0 = Release|Any CPU
		{19C31343-88FA-401C-BDCA-0654DDC306A9}.Debug|Any CPU.ActiveCfg = Debug|Any CPU
		{19C31343-88FA-401C-BDCA-0654DDC306A9}.Debug|Any CPU.Build.0 = Debug|Any CPU
		{19C31343-88FA-401C-BDCA-0654DDC306A9}.Debug|x86.ActiveCfg = Debug|Any CPU
		{19C31343-88FA-401C-BDCA-0654DDC306A9}.Debug|x86.Build.0 = Debug|Any CPU
		{19C31343-88FA-401C-BDCA-0654DDC306A9}.Release|Any CPU.ActiveCfg = Release|Any CPU
		{19C31343-88FA-401C-BDCA-0654DDC306A9}.Release|Any CPU.Build.0 = Release|Any CPU
		{19C31343-88FA-401C-BDCA-0654DDC306A9}.Release|x86.ActiveCfg = Release|Any CPU
		{19C31343-88FA-401C-BDCA-0654DDC306A9}.Release|x86.Build.0 = Release|Any CPU
		{DD175BB5-9684-49FF-BC84-DB259E8EA62B}.Debug|Any CPU.ActiveCfg = Debug|Any CPU
		{DD175BB5-9684-49FF-BC84-DB259E8EA62B}.Debug|Any CPU.Build.0 = Debug|Any CPU
		{DD175BB5-9684-49FF-BC84-DB259E8EA62B}.Debug|x86.ActiveCfg = Debug|Any CPU
		{DD175BB5-9684-49FF-BC84-DB259E8EA62B}.Debug|x86.Build.0 = Debug|Any CPU
		{DD175BB5-9684-49FF-BC84-DB259E8EA62B}.Release|Any CPU.ActiveCfg = Release|Any CPU
		{DD175BB5-9684-49FF-BC84-DB259E8EA62B}.Release|Any CPU.Build.0 = Release|Any CPU
		{DD175BB5-9684-49FF-BC84-DB259E8EA62B}.Release|x86.ActiveCfg = Release|Any CPU
		{DD175BB5-9684-49FF-BC84-DB259E8EA62B}.Release|x86.Build.0 = Release|Any CPU
		{AB1E1C75-73DC-4900-8A26-27CA5BCDD400}.Debug|Any CPU.ActiveCfg = Debug|Any CPU
		{AB1E1C75-73DC-4900-8A26-27CA5BCDD400}.Debug|Any CPU.Build.0 = Debug|Any CPU
		{AB1E1C75-73DC-4900-8A26-27CA5BCDD400}.Debug|x86.ActiveCfg = Debug|Any CPU
		{AB1E1C75-73DC-4900-8A26-27CA5BCDD400}.Debug|x86.Build.0 = Debug|Any CPU
		{AB1E1C75-73DC-4900-8A26-27CA5BCDD400}.Release|Any CPU.ActiveCfg = Release|Any CPU
		{AB1E1C75-73DC-4900-8A26-27CA5BCDD400}.Release|Any CPU.Build.0 = Release|Any CPU
		{AB1E1C75-73DC-4900-8A26-27CA5BCDD400}.Release|x86.ActiveCfg = Release|Any CPU
		{AB1E1C75-73DC-4900-8A26-27CA5BCDD400}.Release|x86.Build.0 = Release|Any CPU
		{967D0097-F098-47FA-A636-E9AB4D6FB969}.Debug|Any CPU.ActiveCfg = Debug|Any CPU
		{967D0097-F098-47FA-A636-E9AB4D6FB969}.Debug|Any CPU.Build.0 = Debug|Any CPU
		{967D0097-F098-47FA-A636-E9AB4D6FB969}.Debug|x86.ActiveCfg = Debug|Any CPU
		{967D0097-F098-47FA-A636-E9AB4D6FB969}.Debug|x86.Build.0 = Debug|Any CPU
		{967D0097-F098-47FA-A636-E9AB4D6FB969}.Release|Any CPU.ActiveCfg = Release|Any CPU
		{967D0097-F098-47FA-A636-E9AB4D6FB969}.Release|Any CPU.Build.0 = Release|Any CPU
		{967D0097-F098-47FA-A636-E9AB4D6FB969}.Release|x86.ActiveCfg = Release|Any CPU
		{967D0097-F098-47FA-A636-E9AB4D6FB969}.Release|x86.Build.0 = Release|Any CPU
		{1EE39338-8E6C-4E93-8D73-E6C1F4D7A4DB}.Debug|Any CPU.ActiveCfg = Debug|Any CPU
		{1EE39338-8E6C-4E93-8D73-E6C1F4D7A4DB}.Debug|Any CPU.Build.0 = Debug|Any CPU
		{1EE39338-8E6C-4E93-8D73-E6C1F4D7A4DB}.Debug|x86.ActiveCfg = Debug|Any CPU
		{1EE39338-8E6C-4E93-8D73-E6C1F4D7A4DB}.Debug|x86.Build.0 = Debug|Any CPU
		{1EE39338-8E6C-4E93-8D73-E6C1F4D7A4DB}.Release|Any CPU.ActiveCfg = Release|Any CPU
		{1EE39338-8E6C-4E93-8D73-E6C1F4D7A4DB}.Release|Any CPU.Build.0 = Release|Any CPU
		{1EE39338-8E6C-4E93-8D73-E6C1F4D7A4DB}.Release|x86.ActiveCfg = Release|Any CPU
		{1EE39338-8E6C-4E93-8D73-E6C1F4D7A4DB}.Release|x86.Build.0 = Release|Any CPU
		{14824693-4232-4CD9-80DE-D49C3C7E8165}.Debug|Any CPU.ActiveCfg = Debug|Any CPU
		{14824693-4232-4CD9-80DE-D49C3C7E8165}.Debug|Any CPU.Build.0 = Debug|Any CPU
		{14824693-4232-4CD9-80DE-D49C3C7E8165}.Debug|x86.ActiveCfg = Debug|Any CPU
		{14824693-4232-4CD9-80DE-D49C3C7E8165}.Debug|x86.Build.0 = Debug|Any CPU
		{14824693-4232-4CD9-80DE-D49C3C7E8165}.Release|Any CPU.ActiveCfg = Release|Any CPU
		{14824693-4232-4CD9-80DE-D49C3C7E8165}.Release|Any CPU.Build.0 = Release|Any CPU
		{14824693-4232-4CD9-80DE-D49C3C7E8165}.Release|x86.ActiveCfg = Release|Any CPU
		{14824693-4232-4CD9-80DE-D49C3C7E8165}.Release|x86.Build.0 = Release|Any CPU
		{91113B48-7AEF-47E7-B806-3082BFDC35C8}.Debug|Any CPU.ActiveCfg = Debug|Any CPU
		{91113B48-7AEF-47E7-B806-3082BFDC35C8}.Debug|Any CPU.Build.0 = Debug|Any CPU
		{91113B48-7AEF-47E7-B806-3082BFDC35C8}.Debug|x86.ActiveCfg = Debug|Any CPU
		{91113B48-7AEF-47E7-B806-3082BFDC35C8}.Debug|x86.Build.0 = Debug|Any CPU
		{91113B48-7AEF-47E7-B806-3082BFDC35C8}.Release|Any CPU.ActiveCfg = Release|Any CPU
		{91113B48-7AEF-47E7-B806-3082BFDC35C8}.Release|Any CPU.Build.0 = Release|Any CPU
		{91113B48-7AEF-47E7-B806-3082BFDC35C8}.Release|x86.ActiveCfg = Release|Any CPU
		{91113B48-7AEF-47E7-B806-3082BFDC35C8}.Release|x86.Build.0 = Release|Any CPU
		{913B918D-F7E6-4562-A2CA-6CB5259F405E}.Debug|Any CPU.ActiveCfg = Debug|Any CPU
		{913B918D-F7E6-4562-A2CA-6CB5259F405E}.Debug|Any CPU.Build.0 = Debug|Any CPU
		{913B918D-F7E6-4562-A2CA-6CB5259F405E}.Debug|x86.ActiveCfg = Debug|Any CPU
		{913B918D-F7E6-4562-A2CA-6CB5259F405E}.Debug|x86.Build.0 = Debug|Any CPU
		{913B918D-F7E6-4562-A2CA-6CB5259F405E}.Release|Any CPU.ActiveCfg = Release|Any CPU
		{913B918D-F7E6-4562-A2CA-6CB5259F405E}.Release|Any CPU.Build.0 = Release|Any CPU
		{913B918D-F7E6-4562-A2CA-6CB5259F405E}.Release|x86.ActiveCfg = Release|Any CPU
		{913B918D-F7E6-4562-A2CA-6CB5259F405E}.Release|x86.Build.0 = Release|Any CPU
		{044D23B9-925F-402A-8266-485C91B31AC6}.Debug|Any CPU.ActiveCfg = Debug|Any CPU
		{044D23B9-925F-402A-8266-485C91B31AC6}.Debug|Any CPU.Build.0 = Debug|Any CPU
		{044D23B9-925F-402A-8266-485C91B31AC6}.Debug|x86.ActiveCfg = Debug|Any CPU
		{044D23B9-925F-402A-8266-485C91B31AC6}.Debug|x86.Build.0 = Debug|Any CPU
		{044D23B9-925F-402A-8266-485C91B31AC6}.Release|Any CPU.ActiveCfg = Release|Any CPU
		{044D23B9-925F-402A-8266-485C91B31AC6}.Release|Any CPU.Build.0 = Release|Any CPU
		{044D23B9-925F-402A-8266-485C91B31AC6}.Release|x86.ActiveCfg = Release|Any CPU
		{044D23B9-925F-402A-8266-485C91B31AC6}.Release|x86.Build.0 = Release|Any CPU
	EndGlobalSection
	GlobalSection(SolutionProperties) = preSolution
		HideSolutionNode = FALSE
	EndGlobalSection
	GlobalSection(NestedProjects) = preSolution
		{D7C53018-239D-4A84-B19C-B4FE4A5BEED8} = {E1C704E0-9EE1-4DD6-9966-275160CF9BEB}
		{95D6C419-0DED-4326-98E6-CBEE8303F38E} = {E1C704E0-9EE1-4DD6-9966-275160CF9BEB}
		{4E85166D-5CDB-42D8-ADD5-0733632A753D} = {20092B17-D666-4E09-A0A0-C2393BF99C60}
		{7F457ED0-DEA8-431F-B4FC-5E36F8F965BD} = {EA041AE4-4750-4817-945E-7B3F20BEDC4A}
		{6B516AB1-3DA9-46AE-A136-284EF3EBA142} = {7F457ED0-DEA8-431F-B4FC-5E36F8F965BD}
		{6E682A14-C872-4813-B620-76E108DEA683} = {7ED5560B-9818-4B2A-B99D-AA1B2FD27498}
		{F68A1D19-93FB-47C1-A22B-42BEA3E4FD8C} = {7ED5560B-9818-4B2A-B99D-AA1B2FD27498}
		{96FC434A-2BD9-4B7F-9DC8-D257F9765C54} = {20092B17-D666-4E09-A0A0-C2393BF99C60}
		{7ED5560B-9818-4B2A-B99D-AA1B2FD27498} = {E1C704E0-9EE1-4DD6-9966-275160CF9BEB}
		{773B60EE-8D35-4800-ACD5-2F673F94170C} = {7ED5560B-9818-4B2A-B99D-AA1B2FD27498}
		{419E0595-CE3C-4B97-A71C-4051E52A38E7} = {8C04933E-FF10-482E-A72F-716B0C302EEF}
		{19C31343-88FA-401C-BDCA-0654DDC306A9} = {419E0595-CE3C-4B97-A71C-4051E52A38E7}
		{DD175BB5-9684-49FF-BC84-DB259E8EA62B} = {96FC434A-2BD9-4B7F-9DC8-D257F9765C54}
		{AB1E1C75-73DC-4900-8A26-27CA5BCDD400} = {4E85166D-5CDB-42D8-ADD5-0733632A753D}
		{A93A8396-837C-4ED5-B600-11CD651FDDF8} = {20092B17-D666-4E09-A0A0-C2393BF99C60}
		{967D0097-F098-47FA-A636-E9AB4D6FB969} = {A93A8396-837C-4ED5-B600-11CD651FDDF8}
		{1EE39338-8E6C-4E93-8D73-E6C1F4D7A4DB} = {E1C704E0-9EE1-4DD6-9966-275160CF9BEB}
		{C4341CBB-8826-4067-97AD-9BAFCFD17DC2} = {14AD9BE2-D44F-45B6-AF77-901A669F480B}
		{14824693-4232-4CD9-80DE-D49C3C7E8165} = {C4341CBB-8826-4067-97AD-9BAFCFD17DC2}
		{91113B48-7AEF-47E7-B806-3082BFDC35C8} = {7F457ED0-DEA8-431F-B4FC-5E36F8F965BD}
		{913B918D-F7E6-4562-A2CA-6CB5259F405E} = {C4341CBB-8826-4067-97AD-9BAFCFD17DC2}
		{044D23B9-925F-402A-8266-485C91B31AC6} = {8C04933E-FF10-482E-A72F-716B0C302EEF}
	EndGlobalSection
EndGlobal
